// !$*UTF8*$!
{
	archiveVersion = 1;
	classes = {
	};
	objectVersion = 50;
	objects = {

/* Begin PBXBuildFile section */
		AE0D9C052463353900BD338F /* Model.swift in Sources */ = {isa = PBXBuildFile; fileRef = AE0D9C042463353900BD338F /* Model.swift */; };
		AE3A1D782460EC4F005433C9 /* AppDelegate.swift in Sources */ = {isa = PBXBuildFile; fileRef = AE3A1D772460EC4F005433C9 /* AppDelegate.swift */; };
		AE3A1D7A2460EC4F005433C9 /* SceneDelegate.swift in Sources */ = {isa = PBXBuildFile; fileRef = AE3A1D792460EC4F005433C9 /* SceneDelegate.swift */; };
		AE3A1D7C2460EC4F005433C9 /* ViewController.swift in Sources */ = {isa = PBXBuildFile; fileRef = AE3A1D7B2460EC4F005433C9 /* ViewController.swift */; };
		AE3A1D7F2460EC4F005433C9 /* Main.storyboard in Resources */ = {isa = PBXBuildFile; fileRef = AE3A1D7D2460EC4F005433C9 /* Main.storyboard */; };
		AE3A1D812460EC52005433C9 /* Assets.xcassets in Resources */ = {isa = PBXBuildFile; fileRef = AE3A1D802460EC52005433C9 /* Assets.xcassets */; };
		AE3A1D842460EC52005433C9 /* LaunchScreen.storyboard in Resources */ = {isa = PBXBuildFile; fileRef = AE3A1D822460EC52005433C9 /* LaunchScreen.storyboard */; };
		AE3A1D8F2460EC52005433C9 /* BaseBallTests.swift in Sources */ = {isa = PBXBuildFile; fileRef = AE3A1D8E2460EC52005433C9 /* BaseBallTests.swift */; };
		AEB638982463D75600FC40E7 /* Endpoint.swift in Sources */ = {isa = PBXBuildFile; fileRef = AEB638972463D75600FC40E7 /* Endpoint.swift */; };
		AEB6389C2463F89100FC40E7 /* APISession.swift in Sources */ = {isa = PBXBuildFile; fileRef = AEB6389B2463F89100FC40E7 /* APISession.swift */; };
/* End PBXBuildFile section */

/* Begin PBXContainerItemProxy section */
		AE3A1D8B2460EC52005433C9 /* PBXContainerItemProxy */ = {
			isa = PBXContainerItemProxy;
			containerPortal = AE3A1D6C2460EC4F005433C9 /* Project object */;
			proxyType = 1;
			remoteGlobalIDString = AE3A1D732460EC4F005433C9;
			remoteInfo = BaseBall;
		};
/* End PBXContainerItemProxy section */

/* Begin PBXFileReference section */
		AE0D9C042463353900BD338F /* Model.swift */ = {isa = PBXFileReference; lastKnownFileType = sourcecode.swift; path = Model.swift; sourceTree = "<group>"; };
		AE3A1D742460EC4F005433C9 /* BaseBall.app */ = {isa = PBXFileReference; explicitFileType = wrapper.application; includeInIndex = 0; path = BaseBall.app; sourceTree = BUILT_PRODUCTS_DIR; };
		AE3A1D772460EC4F005433C9 /* AppDelegate.swift */ = {isa = PBXFileReference; lastKnownFileType = sourcecode.swift; path = AppDelegate.swift; sourceTree = "<group>"; };
		AE3A1D792460EC4F005433C9 /* SceneDelegate.swift */ = {isa = PBXFileReference; lastKnownFileType = sourcecode.swift; path = SceneDelegate.swift; sourceTree = "<group>"; };
		AE3A1D7B2460EC4F005433C9 /* ViewController.swift */ = {isa = PBXFileReference; lastKnownFileType = sourcecode.swift; path = ViewController.swift; sourceTree = "<group>"; };
		AE3A1D7E2460EC4F005433C9 /* Base */ = {isa = PBXFileReference; lastKnownFileType = file.storyboard; name = Base; path = Base.lproj/Main.storyboard; sourceTree = "<group>"; };
		AE3A1D802460EC52005433C9 /* Assets.xcassets */ = {isa = PBXFileReference; lastKnownFileType = folder.assetcatalog; path = Assets.xcassets; sourceTree = "<group>"; };
		AE3A1D832460EC52005433C9 /* Base */ = {isa = PBXFileReference; lastKnownFileType = file.storyboard; name = Base; path = Base.lproj/LaunchScreen.storyboard; sourceTree = "<group>"; };
		AE3A1D852460EC52005433C9 /* Info.plist */ = {isa = PBXFileReference; lastKnownFileType = text.plist.xml; path = Info.plist; sourceTree = "<group>"; };
		AE3A1D8A2460EC52005433C9 /* BaseBallTests.xctest */ = {isa = PBXFileReference; explicitFileType = wrapper.cfbundle; includeInIndex = 0; path = BaseBallTests.xctest; sourceTree = BUILT_PRODUCTS_DIR; };
		AE3A1D8E2460EC52005433C9 /* BaseBallTests.swift */ = {isa = PBXFileReference; lastKnownFileType = sourcecode.swift; path = BaseBallTests.swift; sourceTree = "<group>"; };
		AE3A1D902460EC52005433C9 /* Info.plist */ = {isa = PBXFileReference; lastKnownFileType = text.plist.xml; path = Info.plist; sourceTree = "<group>"; };
		AEB638972463D75600FC40E7 /* Endpoint.swift */ = {isa = PBXFileReference; lastKnownFileType = sourcecode.swift; path = Endpoint.swift; sourceTree = "<group>"; };
		AEB6389B2463F89100FC40E7 /* APISession.swift */ = {isa = PBXFileReference; lastKnownFileType = sourcecode.swift; path = APISession.swift; sourceTree = "<group>"; };
/* End PBXFileReference section */

/* Begin PBXFrameworksBuildPhase section */
		AE3A1D712460EC4F005433C9 /* Frameworks */ = {
			isa = PBXFrameworksBuildPhase;
			buildActionMask = 2147483647;
			files = (
			);
			runOnlyForDeploymentPostprocessing = 0;
		};
		AE3A1D872460EC52005433C9 /* Frameworks */ = {
			isa = PBXFrameworksBuildPhase;
			buildActionMask = 2147483647;
			files = (
			);
			runOnlyForDeploymentPostprocessing = 0;
		};
/* End PBXFrameworksBuildPhase section */

/* Begin PBXGroup section */
		AE3A1D6B2460EC4F005433C9 = {
			isa = PBXGroup;
			children = (
				AE3A1D762460EC4F005433C9 /* BaseBall */,
				AE3A1D8D2460EC52005433C9 /* BaseBallTests */,
				AE3A1D752460EC4F005433C9 /* Products */,
			);
			sourceTree = "<group>";
		};
		AE3A1D752460EC4F005433C9 /* Products */ = {
			isa = PBXGroup;
			children = (
				AE3A1D742460EC4F005433C9 /* BaseBall.app */,
				AE3A1D8A2460EC52005433C9 /* BaseBallTests.xctest */,
			);
			name = Products;
			sourceTree = "<group>";
		};
		AE3A1D762460EC4F005433C9 /* BaseBall */ = {
			isa = PBXGroup;
			children = (
				AE3A1D992460ED1E005433C9 /* Network */,
				AE3A1D772460EC4F005433C9 /* AppDelegate.swift */,
				AE3A1D792460EC4F005433C9 /* SceneDelegate.swift */,
				AE3A1D7B2460EC4F005433C9 /* ViewController.swift */,
				AE3A1D7D2460EC4F005433C9 /* Main.storyboard */,
				AE3A1D802460EC52005433C9 /* Assets.xcassets */,
				AE3A1D822460EC52005433C9 /* LaunchScreen.storyboard */,
				AE3A1D852460EC52005433C9 /* Info.plist */,
			);
			path = BaseBall;
			sourceTree = "<group>";
		};
		AE3A1D8D2460EC52005433C9 /* BaseBallTests */ = {
			isa = PBXGroup;
			children = (
				AE3A1D8E2460EC52005433C9 /* BaseBallTests.swift */,
				AE3A1D902460EC52005433C9 /* Info.plist */,
			);
			path = BaseBallTests;
			sourceTree = "<group>";
		};
		AE3A1D992460ED1E005433C9 /* Network */ = {
			isa = PBXGroup;
			children = (
				AEB638972463D75600FC40E7 /* Endpoint.swift */,
				AE0D9C042463353900BD338F /* Model.swift */,
				AEB6389B2463F89100FC40E7 /* APISession.swift */,
			);
			path = Network;
			sourceTree = "<group>";
		};
/* End PBXGroup section */

/* Begin PBXNativeTarget section */
		AE3A1D732460EC4F005433C9 /* BaseBall */ = {
			isa = PBXNativeTarget;
			buildConfigurationList = AE3A1D932460EC52005433C9 /* Build configuration list for PBXNativeTarget "BaseBall" */;
			buildPhases = (
				AE3A1D702460EC4F005433C9 /* Sources */,
				AE3A1D712460EC4F005433C9 /* Frameworks */,
				AE3A1D722460EC4F005433C9 /* Resources */,
			);
			buildRules = (
			);
			dependencies = (
			);
			name = BaseBall;
			productName = BaseBall;
			productReference = AE3A1D742460EC4F005433C9 /* BaseBall.app */;
			productType = "com.apple.product-type.application";
		};
		AE3A1D892460EC52005433C9 /* BaseBallTests */ = {
			isa = PBXNativeTarget;
			buildConfigurationList = AE3A1D962460EC52005433C9 /* Build configuration list for PBXNativeTarget "BaseBallTests" */;
			buildPhases = (
				AE3A1D862460EC52005433C9 /* Sources */,
				AE3A1D872460EC52005433C9 /* Frameworks */,
				AE3A1D882460EC52005433C9 /* Resources */,
			);
			buildRules = (
			);
			dependencies = (
				AE3A1D8C2460EC52005433C9 /* PBXTargetDependency */,
			);
			name = BaseBallTests;
			productName = BaseBallTests;
			productReference = AE3A1D8A2460EC52005433C9 /* BaseBallTests.xctest */;
			productType = "com.apple.product-type.bundle.unit-test";
		};
/* End PBXNativeTarget section */

/* Begin PBXProject section */
		AE3A1D6C2460EC4F005433C9 /* Project object */ = {
			isa = PBXProject;
			attributes = {
				LastSwiftUpdateCheck = 1140;
				LastUpgradeCheck = 1140;
				ORGANIZATIONNAME = Cloud;
				TargetAttributes = {
					AE3A1D732460EC4F005433C9 = {
						CreatedOnToolsVersion = 11.4.1;
					};
					AE3A1D892460EC52005433C9 = {
						CreatedOnToolsVersion = 11.4.1;
						TestTargetID = AE3A1D732460EC4F005433C9;
					};
				};
			};
			buildConfigurationList = AE3A1D6F2460EC4F005433C9 /* Build configuration list for PBXProject "BaseBall" */;
			compatibilityVersion = "Xcode 9.3";
			developmentRegion = en;
			hasScannedForEncodings = 0;
			knownRegions = (
				en,
				Base,
			);
			mainGroup = AE3A1D6B2460EC4F005433C9;
			productRefGroup = AE3A1D752460EC4F005433C9 /* Products */;
			projectDirPath = "";
			projectRoot = "";
			targets = (
				AE3A1D732460EC4F005433C9 /* BaseBall */,
				AE3A1D892460EC52005433C9 /* BaseBallTests */,
			);
		};
/* End PBXProject section */

/* Begin PBXResourcesBuildPhase section */
		AE3A1D722460EC4F005433C9 /* Resources */ = {
			isa = PBXResourcesBuildPhase;
			buildActionMask = 2147483647;
			files = (
				AE3A1D842460EC52005433C9 /* LaunchScreen.storyboard in Resources */,
				AE3A1D812460EC52005433C9 /* Assets.xcassets in Resources */,
				AE3A1D7F2460EC4F005433C9 /* Main.storyboard in Resources */,
			);
			runOnlyForDeploymentPostprocessing = 0;
		};
		AE3A1D882460EC52005433C9 /* Resources */ = {
			isa = PBXResourcesBuildPhase;
			buildActionMask = 2147483647;
			files = (
			);
			runOnlyForDeploymentPostprocessing = 0;
		};
/* End PBXResourcesBuildPhase section */

/* Begin PBXSourcesBuildPhase section */
		AE3A1D702460EC4F005433C9 /* Sources */ = {
			isa = PBXSourcesBuildPhase;
			buildActionMask = 2147483647;
			files = (
				AEB638982463D75600FC40E7 /* Endpoint.swift in Sources */,
				AE3A1D7C2460EC4F005433C9 /* ViewController.swift in Sources */,
				AE3A1D782460EC4F005433C9 /* AppDelegate.swift in Sources */,
				AE0D9C052463353900BD338F /* Model.swift in Sources */,
				AE3A1D7A2460EC4F005433C9 /* SceneDelegate.swift in Sources */,
				AEB6389C2463F89100FC40E7 /* APISession.swift in Sources */,
			);
			runOnlyForDeploymentPostprocessing = 0;
		};
		AE3A1D862460EC52005433C9 /* Sources */ = {
			isa = PBXSourcesBuildPhase;
			buildActionMask = 2147483647;
			files = (
				AE3A1D8F2460EC52005433C9 /* BaseBallTests.swift in Sources */,
			);
			runOnlyForDeploymentPostprocessing = 0;
		};
/* End PBXSourcesBuildPhase section */

/* Begin PBXTargetDependency section */
		AE3A1D8C2460EC52005433C9 /* PBXTargetDependency */ = {
			isa = PBXTargetDependency;
			target = AE3A1D732460EC4F005433C9 /* BaseBall */;
			targetProxy = AE3A1D8B2460EC52005433C9 /* PBXContainerItemProxy */;
		};
/* End PBXTargetDependency section */

/* Begin PBXVariantGroup section */
		AE3A1D7D2460EC4F005433C9 /* Main.storyboard */ = {
			isa = PBXVariantGroup;
			children = (
				AE3A1D7E2460EC4F005433C9 /* Base */,
			);
			name = Main.storyboard;
			sourceTree = "<group>";
		};
		AE3A1D822460EC52005433C9 /* LaunchScreen.storyboard */ = {
			isa = PBXVariantGroup;
			children = (
				AE3A1D832460EC52005433C9 /* Base */,
			);
			name = LaunchScreen.storyboard;
			sourceTree = "<group>";
		};
/* End PBXVariantGroup section */

/* Begin XCBuildConfiguration section */
		AE3A1D912460EC52005433C9 /* Debug */ = {
			isa = XCBuildConfiguration;
			buildSettings = {
				ALWAYS_SEARCH_USER_PATHS = NO;
				CLANG_ANALYZER_NONNULL = YES;
				CLANG_ANALYZER_NUMBER_OBJECT_CONVERSION = YES_AGGRESSIVE;
				CLANG_CXX_LANGUAGE_STANDARD = "gnu++14";
				CLANG_CXX_LIBRARY = "libc++";
				CLANG_ENABLE_MODULES = YES;
				CLANG_ENABLE_OBJC_ARC = YES;
				CLANG_ENABLE_OBJC_WEAK = YES;
				CLANG_WARN_BLOCK_CAPTURE_AUTORELEASING = YES;
				CLANG_WARN_BOOL_CONVERSION = YES;
				CLANG_WARN_COMMA = YES;
				CLANG_WARN_CONSTANT_CONVERSION = YES;
				CLANG_WARN_DEPRECATED_OBJC_IMPLEMENTATIONS = YES;
				CLANG_WARN_DIRECT_OBJC_ISA_USAGE = YES_ERROR;
				CLANG_WARN_DOCUMENTATION_COMMENTS = YES;
				CLANG_WARN_EMPTY_BODY = YES;
				CLANG_WARN_ENUM_CONVERSION = YES;
				CLANG_WARN_INFINITE_RECURSION = YES;
				CLANG_WARN_INT_CONVERSION = YES;
				CLANG_WARN_NON_LITERAL_NULL_CONVERSION = YES;
				CLANG_WARN_OBJC_IMPLICIT_RETAIN_SELF = YES;
				CLANG_WARN_OBJC_LITERAL_CONVERSION = YES;
				CLANG_WARN_OBJC_ROOT_CLASS = YES_ERROR;
				CLANG_WARN_RANGE_LOOP_ANALYSIS = YES;
				CLANG_WARN_STRICT_PROTOTYPES = YES;
				CLANG_WARN_SUSPICIOUS_MOVE = YES;
				CLANG_WARN_UNGUARDED_AVAILABILITY = YES_AGGRESSIVE;
				CLANG_WARN_UNREACHABLE_CODE = YES;
				CLANG_WARN__DUPLICATE_METHOD_MATCH = YES;
				COPY_PHASE_STRIP = NO;
				DEBUG_INFORMATION_FORMAT = dwarf;
				ENABLE_STRICT_OBJC_MSGSEND = YES;
				ENABLE_TESTABILITY = YES;
				GCC_C_LANGUAGE_STANDARD = gnu11;
				GCC_DYNAMIC_NO_PIC = NO;
				GCC_NO_COMMON_BLOCKS = YES;
				GCC_OPTIMIZATION_LEVEL = 0;
				GCC_PREPROCESSOR_DEFINITIONS = (
					"DEBUG=1",
					"$(inherited)",
				);
				GCC_WARN_64_TO_32_BIT_CONVERSION = YES;
				GCC_WARN_ABOUT_RETURN_TYPE = YES_ERROR;
				GCC_WARN_UNDECLARED_SELECTOR = YES;
				GCC_WARN_UNINITIALIZED_AUTOS = YES_AGGRESSIVE;
				GCC_WARN_UNUSED_FUNCTION = YES;
				GCC_WARN_UNUSED_VARIABLE = YES;
				IPHONEOS_DEPLOYMENT_TARGET = 13.4;
				MTL_ENABLE_DEBUG_INFO = INCLUDE_SOURCE;
				MTL_FAST_MATH = YES;
				ONLY_ACTIVE_ARCH = YES;
				SDKROOT = iphoneos;
				SWIFT_ACTIVE_COMPILATION_CONDITIONS = DEBUG;
				SWIFT_OPTIMIZATION_LEVEL = "-Onone";
			};
			name = Debug;
		};
		AE3A1D922460EC52005433C9 /* Release */ = {
			isa = XCBuildConfiguration;
			buildSettings = {
				ALWAYS_SEARCH_USER_PATHS = NO;
				CLANG_ANALYZER_NONNULL = YES;
				CLANG_ANALYZER_NUMBER_OBJECT_CONVERSION = YES_AGGRESSIVE;
				CLANG_CXX_LANGUAGE_STANDARD = "gnu++14";
				CLANG_CXX_LIBRARY = "libc++";
				CLANG_ENABLE_MODULES = YES;
				CLANG_ENABLE_OBJC_ARC = YES;
				CLANG_ENABLE_OBJC_WEAK = YES;
				CLANG_WARN_BLOCK_CAPTURE_AUTORELEASING = YES;
				CLANG_WARN_BOOL_CONVERSION = YES;
				CLANG_WARN_COMMA = YES;
				CLANG_WARN_CONSTANT_CONVERSION = YES;
				CLANG_WARN_DEPRECATED_OBJC_IMPLEMENTATIONS = YES;
				CLANG_WARN_DIRECT_OBJC_ISA_USAGE = YES_ERROR;
				CLANG_WARN_DOCUMENTATION_COMMENTS = YES;
				CLANG_WARN_EMPTY_BODY = YES;
				CLANG_WARN_ENUM_CONVERSION = YES;
				CLANG_WARN_INFINITE_RECURSION = YES;
				CLANG_WARN_INT_CONVERSION = YES;
				CLANG_WARN_NON_LITERAL_NULL_CONVERSION = YES;
				CLANG_WARN_OBJC_IMPLICIT_RETAIN_SELF = YES;
				CLANG_WARN_OBJC_LITERAL_CONVERSION = YES;
				CLANG_WARN_OBJC_ROOT_CLASS = YES_ERROR;
				CLANG_WARN_RANGE_LOOP_ANALYSIS = YES;
				CLANG_WARN_STRICT_PROTOTYPES = YES;
				CLANG_WARN_SUSPICIOUS_MOVE = YES;
				CLANG_WARN_UNGUARDED_AVAILABILITY = YES_AGGRESSIVE;
				CLANG_WARN_UNREACHABLE_CODE = YES;
				CLANG_WARN__DUPLICATE_METHOD_MATCH = YES;
				COPY_PHASE_STRIP = NO;
				DEBUG_INFORMATION_FORMAT = "dwarf-with-dsym";
				ENABLE_NS_ASSERTIONS = NO;
				ENABLE_STRICT_OBJC_MSGSEND = YES;
				GCC_C_LANGUAGE_STANDARD = gnu11;
				GCC_NO_COMMON_BLOCKS = YES;
				GCC_WARN_64_TO_32_BIT_CONVERSION = YES;
				GCC_WARN_ABOUT_RETURN_TYPE = YES_ERROR;
				GCC_WARN_UNDECLARED_SELECTOR = YES;
				GCC_WARN_UNINITIALIZED_AUTOS = YES_AGGRESSIVE;
				GCC_WARN_UNUSED_FUNCTION = YES;
				GCC_WARN_UNUSED_VARIABLE = YES;
				IPHONEOS_DEPLOYMENT_TARGET = 13.4;
				MTL_ENABLE_DEBUG_INFO = NO;
				MTL_FAST_MATH = YES;
				SDKROOT = iphoneos;
				SWIFT_COMPILATION_MODE = wholemodule;
				SWIFT_OPTIMIZATION_LEVEL = "-O";
				VALIDATE_PRODUCT = YES;
			};
			name = Release;
		};
		AE3A1D942460EC52005433C9 /* Debug */ = {
			isa = XCBuildConfiguration;
			buildSettings = {
				ASSETCATALOG_COMPILER_APPICON_NAME = AppIcon;
				CODE_SIGN_STYLE = Automatic;
				DEVELOPMENT_TEAM = 6HG325P9V2;
				INFOPLIST_FILE = BaseBall/Info.plist;
				LD_RUNPATH_SEARCH_PATHS = (
					"$(inherited)",
					"@executable_path/Frameworks",
				);
				PRODUCT_BUNDLE_IDENTIFIER = cLoud.BaseBall;
				PRODUCT_NAME = "$(TARGET_NAME)";
				SWIFT_VERSION = 5.0;
				TARGETED_DEVICE_FAMILY = "1,2";
			};
			name = Debug;
		};
		AE3A1D952460EC52005433C9 /* Release */ = {
			isa = XCBuildConfiguration;
			buildSettings = {
				ASSETCATALOG_COMPILER_APPICON_NAME = AppIcon;
				CODE_SIGN_STYLE = Automatic;
				DEVELOPMENT_TEAM = 6HG325P9V2;
				INFOPLIST_FILE = BaseBall/Info.plist;
				LD_RUNPATH_SEARCH_PATHS = (
					"$(inherited)",
					"@executable_path/Frameworks",
				);
				PRODUCT_BUNDLE_IDENTIFIER = cLoud.BaseBall;
				PRODUCT_NAME = "$(TARGET_NAME)";
				SWIFT_VERSION = 5.0;
				TARGETED_DEVICE_FAMILY = "1,2";
			};
			name = Release;
		};
		AE3A1D972460EC52005433C9 /* Debug */ = {
			isa = XCBuildConfiguration;
			buildSettings = {
				ALWAYS_EMBED_SWIFT_STANDARD_LIBRARIES = YES;
				BUNDLE_LOADER = "$(TEST_HOST)";
				CODE_SIGN_STYLE = Automatic;
				DEVELOPMENT_TEAM = 6HG325P9V2;
				INFOPLIST_FILE = BaseBallTests/Info.plist;
				IPHONEOS_DEPLOYMENT_TARGET = 13.4;
				LD_RUNPATH_SEARCH_PATHS = (
					"$(inherited)",
					"@executable_path/Frameworks",
					"@loader_path/Frameworks",
				);
				PRODUCT_BUNDLE_IDENTIFIER = cLoud.BaseBallTests;
				PRODUCT_NAME = "$(TARGET_NAME)";
				SWIFT_VERSION = 5.0;
				TARGETED_DEVICE_FAMILY = "1,2";
				TEST_HOST = "$(BUILT_PRODUCTS_DIR)/BaseBall.app/BaseBall";
			};
			name = Debug;
		};
		AE3A1D982460EC52005433C9 /* Release */ = {
			isa = XCBuildConfiguration;
			buildSettings = {
				ALWAYS_EMBED_SWIFT_STANDARD_LIBRARIES = YES;
				BUNDLE_LOADER = "$(TEST_HOST)";
				CODE_SIGN_STYLE = Automatic;
				DEVELOPMENT_TEAM = 6HG325P9V2;
				INFOPLIST_FILE = BaseBallTests/Info.plist;
				IPHONEOS_DEPLOYMENT_TARGET = 13.4;
				LD_RUNPATH_SEARCH_PATHS = (
					"$(inherited)",
					"@executable_path/Frameworks",
					"@loader_path/Frameworks",
				);
				PRODUCT_BUNDLE_IDENTIFIER = cLoud.BaseBallTests;
				PRODUCT_NAME = "$(TARGET_NAME)";
				SWIFT_VERSION = 5.0;
				TARGETED_DEVICE_FAMILY = "1,2";
				TEST_HOST = "$(BUILT_PRODUCTS_DIR)/BaseBall.app/BaseBall";
			};
			name = Release;
		};
/* End XCBuildConfiguration section */

/* Begin XCConfigurationList section */
		AE3A1D6F2460EC4F005433C9 /* Build configuration list for PBXProject "BaseBall" */ = {
			isa = XCConfigurationList;
			buildConfigurations = (
				AE3A1D912460EC52005433C9 /* Debug */,
				AE3A1D922460EC52005433C9 /* Release */,
			);
			defaultConfigurationIsVisible = 0;
			defaultConfigurationName = Release;
		};
		AE3A1D932460EC52005433C9 /* Build configuration list for PBXNativeTarget "BaseBall" */ = {
			isa = XCConfigurationList;
			buildConfigurations = (
				AE3A1D942460EC52005433C9 /* Debug */,
				AE3A1D952460EC52005433C9 /* Release */,
			);
			defaultConfigurationIsVisible = 0;
			defaultConfigurationName = Release;
		};
		AE3A1D962460EC52005433C9 /* Build configuration list for PBXNativeTarget "BaseBallTests" */ = {
			isa = XCConfigurationList;
			buildConfigurations = (
				AE3A1D972460EC52005433C9 /* Debug */,
				AE3A1D982460EC52005433C9 /* Release */,
			);
			defaultConfigurationIsVisible = 0;
			defaultConfigurationName = Release;
		};
/* End XCConfigurationList section */
	};
	rootObject = AE3A1D6C2460EC4F005433C9 /* Project object */;
}
